# This file is autogenerated, do not edit; changes may be undone by the next 'dep ensure'.


[[projects]]
  branch = "master"
  digest = "1:bd2067662ae3fe667278fb5dd8de484782318ce693089f48922a2a38766138f7"
  name = "github.com/akito0107/xsqlparser"
  packages = [
    ".",
    "dialect",
    "sqlast",
  ]
  pruneopts = "UT"
  revision = "bd428ff033c7c2e03ea610873bca9b2ad81b6aa0"

[[projects]]
  digest = "1:bb179c1a3b5d2b954725549b358818cd26b5dfd594bff23a6a803e55a7aa8d8a"
  name = "github.com/google/go-cmp"
  packages = [
    "cmp",
    "cmp/internal/diff",
    "cmp/internal/flags",
    "cmp/internal/function",
    "cmp/internal/value",
  ]
  pruneopts = "UT"
  revision = "6f77996f0c42f7b84e5a2b252227263f93432e9b"
  version = "v0.3.0"

[[projects]]
  digest = "1:fb9d0ca06ab2dbf4e28902887f53468b06878498927a3411b6569b45c6322c62"
  name = "github.com/jmoiron/sqlx"
  packages = [
    ".",
    "reflectx",
  ]
  pruneopts = "UT"
  revision = "d161d7a76b5661016ad0b085869f77fd410f3e6a"
  version = "v1.2.0"

[[projects]]
  digest = "1:decef4be943e7e9e51f26a684506bccb272b5cb27bb886b302ab9939b197eb5f"
  name = "github.com/lib/pq"
  packages = [
    ".",
    "oid",
    "scram",
  ]
  pruneopts = "UT"
  revision = "bc6a3c0594130b1e34005880bc600b6d3f49fa7f"
  version = "v1.1.1"

[[projects]]
  digest = "1:b24d38b282bacf9791408a080f606370efa3d364e4b5fd9ba0f7b87786d3b679"
  name = "github.com/urfave/cli"
  packages = ["."]
  pruneopts = "UT"
  revision = "cfb38830724cc34fedffe9a2a29fb54fa9169cd1"
  version = "v1.20.0"

[[projects]]
  branch = "master"
  digest = "1:725d83d513d9315f92eb0848f78ac03931f9f0db36aefe0ee037134ad8cfb982"
  name = "golang.org/x/xerrors"
  packages = [
    ".",
    "internal",
  ]
  pruneopts = "UT"
  revision = "3ee3066db522c6628d440a3a91c4abdd7f5ef22f"

[solve-meta]
  analyzer-name = "dep"
  analyzer-version = 1
  input-imports = [
    "github.com/akito0107/xsqlparser",
    "github.com/akito0107/xsqlparser/dialect",
    "github.com/akito0107/xsqlparser/sqlast",
    "github.com/google/go-cmp/cmp",
    "github.com/jmoiron/sqlx",
    "github.com/lib/pq",
    "github.com/urfave/cli",
    "golang.org/x/xerrors",
  ]
  solver-name = "gps-cdcl"
  solver-version = 1
